- name: Deploy Clock with Compose
  hosts: tag_role_swarm_master
  remote_user: ubuntu
  gather_facts: yes
  tasks:
    - file:
        path: compose 
        state: directory
        mode: 0755
    - template:
        src: compose/docker-compose.yml
        dest: compose/docker-compose.yml 
        owner: "{{ ansible_ssh_user }}"
        group: "{{ ansible_ssh_user }}"
        mode: 0644
      notify: restart docker
    - command: "docker stack deploy --compose-file compose/docker-compose.yml js-clock"
